{
    "_readme": [
        "This file locks the dependencies of your project to a known state",
        "Read more about it at https://getcomposer.org/doc/01-basic-usage.md#installing-dependencies",
        "This file is @generated automatically"
    ],
    "content-hash": "985f26989b941b3c24a4958c3e702280",
    "packages": [
        {
            "name": "composer/pcre",
            "version": "3.3.2",
            "source": {
                "type": "git",
                "url": "https://github.com/composer/pcre.git",
                "reference": "b2bed4734f0cc156ee1fe9c0da2550420d99a21e"
            },
            "dist": {
                "type": "zip",
                "url": "https://api.github.com/repos/composer/pcre/zipball/b2bed4734f0cc156ee1fe9c0da2550420d99a21e",
                "reference": "b2bed4734f0cc156ee1fe9c0da2550420d99a21e",
                "shasum": ""
            },
            "require": {
                "php": "^7.4 || ^8.0"
            },
            "conflict": {
                "phpstan/phpstan": "<1.11.10"
            },
            "require-dev": {
                "phpstan/phpstan": "^1.12 || ^2",
                "phpstan/phpstan-strict-rules": "^1 || ^2",
                "phpunit/phpunit": "^8 || ^9"
            },
            "type": "library",
            "extra": {
                "phpstan": {
                    "includes": [
                        "extension.neon"
                    ]
                },
                "branch-alias": {
                    "dev-main": "3.x-dev"
                }
            },
            "autoload": {
                "psr-4": {
                    "Composer\\Pcre\\": "src"
                }
            },
            "notification-url": "https://packagist.org/downloads/",
            "license": [
                "MIT"
            ],
            "authors": [
                {
                    "name": "Jordi Boggiano",
                    "email": "j.boggiano@seld.be",
                    "homepage": "http://seld.be"
                }
            ],
            "description": "PCRE wrapping library that offers type-safe preg_* replacements.",
            "keywords": [
                "PCRE",
                "preg",
                "regex",
                "regular expression"
            ],
            "support": {
                "issues": "https://github.com/composer/pcre/issues",
                "source": "https://github.com/composer/pcre/tree/3.3.2"
            },
            "funding": [
                {
                    "url": "https://packagist.com",
                    "type": "custom"
                },
                {
                    "url": "https://github.com/composer",
                    "type": "github"
                },
                {
                    "url": "https://tidelift.com/funding/github/packagist/composer/composer",
                    "type": "tidelift"
                }
            ],
            "time": "2024-11-12T16:29:46+00:00"
        },
        {
            "name": "libpurecontent/application",
            "version": "v1.9.8",
            "source": {
                "type": "git",
                "url": "https://github.com/libpurecontent/application.git",
                "reference": "e3c4be855d2e0158b4764b45de516935dbcb28a1"
            },
            "dist": {
                "type": "zip",
                "url": "https://api.github.com/repos/libpurecontent/application/zipball/e3c4be855d2e0158b4764b45de516935dbcb28a1",
                "reference": "e3c4be855d2e0158b4764b45de516935dbcb28a1",
                "shasum": ""
            },
            "require": {
                "libpurecontent/database": "^4.2",
                "pear/mail": "^2.0"
            },
            "type": "library",
            "autoload": {
                "psr-0": {
                    "application": "src/"
                }
            },
            "notification-url": "https://packagist.org/downloads/",
            "license": [
                "GPL-3.0-only"
            ],
            "authors": [
                {
                    "name": "mvl22"
                }
            ],
            "description": "PHP library application within the pureContent library suite",
            "support": {
                "issues": "https://github.com/libpurecontent/application/issues",
                "source": "https://github.com/libpurecontent/application/tree/v1.9.8"
            },
            "time": "2025-11-03T19:33:45+00:00"
        },
        {
            "name": "libpurecontent/csv",
            "version": "v1.6.0",
            "source": {
                "type": "git",
                "url": "https://github.com/libpurecontent/csv.git",
                "reference": "c798b0eef85e604c382d3496bbf4e7391c424ba0"
            },
            "dist": {
                "type": "zip",
                "url": "https://api.github.com/repos/libpurecontent/csv/zipball/c798b0eef85e604c382d3496bbf4e7391c424ba0",
                "reference": "c798b0eef85e604c382d3496bbf4e7391c424ba0",
                "shasum": ""
            },
            "require": {
                "libpurecontent/application": "^1.9",
                "libpurecontent/directories": "^1.3",
                "phpoffice/phpspreadsheet": "^4.2"
            },
            "type": "library",
            "autoload": {
                "psr-0": {
                    "csv": "src/"
                }
            },
            "notification-url": "https://packagist.org/downloads/",
            "license": [
                "GPL-3.0-only"
            ],
            "authors": [
                {
                    "name": "mvl22"
                }
            ],
            "description": "PHP library csv within the pureContent library suite",
            "support": {
                "issues": "https://github.com/libpurecontent/csv/issues",
                "source": "https://github.com/libpurecontent/csv/tree/v1.6.0"
            },
            "time": "2025-05-05T12:12:46+00:00"
        },
        {
            "name": "libpurecontent/database",
            "version": "v4.2.5",
            "source": {
                "type": "git",
                "url": "https://github.com/libpurecontent/database.git",
                "reference": "d15d557c9355bd08c8e3792ce88f1d139350b9d2"
            },
            "dist": {
                "type": "zip",
                "url": "https://api.github.com/repos/libpurecontent/database/zipball/d15d557c9355bd08c8e3792ce88f1d139350b9d2",
                "reference": "d15d557c9355bd08c8e3792ce88f1d139350b9d2",
                "shasum": ""
            },
            "require": {
                "libpurecontent/application": "^1.9",
                "libpurecontent/csv": "^1.6",
                "libpurecontent/pagination": "^1.1"
            },
            "type": "library",
            "autoload": {
                "psr-0": {
                    "database": "src/"
                }
            },
            "notification-url": "https://packagist.org/downloads/",
            "license": [
                "GPL-3.0-only"
            ],
            "authors": [
                {
                    "name": "mvl22"
                }
            ],
            "description": "PHP library database within the pureContent library suite",
            "support": {
                "issues": "https://github.com/libpurecontent/database/issues",
                "source": "https://github.com/libpurecontent/database/tree/v4.2.5"
            },
            "time": "2025-12-09T13:11:34+00:00"
        },
        {
            "name": "libpurecontent/directories",
            "version": "v1.4.0",
            "source": {
                "type": "git",
                "url": "https://github.com/libpurecontent/directories.git",
                "reference": "2f4bf6ff46ddd48d07f618f62eef8b261347ec02"
            },
            "dist": {
                "type": "zip",
                "url": "https://api.github.com/repos/libpurecontent/directories/zipball/2f4bf6ff46ddd48d07f618f62eef8b261347ec02",
                "reference": "2f4bf6ff46ddd48d07f618f62eef8b261347ec02",
                "shasum": ""
            },
            "require": {
                "libpurecontent/application": "^1.9",
                "libpurecontent/image": "^1.4"
            },
            "type": "library",
            "autoload": {
                "psr-0": {
                    "directories": "src/"
                }
            },
            "notification-url": "https://packagist.org/downloads/",
            "license": [
                "GPL-3.0-only"
            ],
            "authors": [
                {
                    "name": "mvl22"
                }
            ],
            "description": "PHP library directories within the pureContent library suite",
            "support": {
                "issues": "https://github.com/libpurecontent/directories/issues",
                "source": "https://github.com/libpurecontent/directories/tree/v1.4.0"
            },
            "time": "2024-09-17T15:02:44+00:00"
        },
        {
            "name": "libpurecontent/image",
            "version": "v1.4.2",
            "source": {
                "type": "git",
                "url": "https://github.com/libpurecontent/image.git",
                "reference": "1f1969f16315eefbe0a77b77b87622d38d827452"
            },
            "dist": {
                "type": "zip",
                "url": "https://api.github.com/repos/libpurecontent/image/zipball/1f1969f16315eefbe0a77b77b87622d38d827452",
                "reference": "1f1969f16315eefbe0a77b77b87622d38d827452",
                "shasum": ""
            },
            "require": {
                "libpurecontent/directories": "^1.3"
            },
            "type": "library",
            "autoload": {
                "psr-0": {
                    "image": "src/"
                }
            },
            "notification-url": "https://packagist.org/downloads/",
            "license": [
                "GPL-3.0-only"
            ],
            "authors": [
                {
                    "name": "mvl22"
                }
            ],
            "description": "PHP library image within the pureContent library suite",
            "support": {
                "issues": "https://github.com/libpurecontent/image/issues",
                "source": "https://github.com/libpurecontent/image/tree/v1.4.2"
            },
            "time": "2024-01-26T18:19:32+00:00"
        },
        {
            "name": "libpurecontent/pagination",
            "version": "v1.1.2",
            "source": {
                "type": "git",
                "url": "https://github.com/libpurecontent/pagination.git",
                "reference": "8fd430cfa0af4bf20361420b2169e9ad99097ba3"
            },
            "dist": {
                "type": "zip",
                "url": "https://api.github.com/repos/libpurecontent/pagination/zipball/8fd430cfa0af4bf20361420b2169e9ad99097ba3",
                "reference": "8fd430cfa0af4bf20361420b2169e9ad99097ba3",
                "shasum": ""
            },
            "require": {
                "libpurecontent/application": "^1.9",
                "libpurecontent/ultimateform": "^1.29"
            },
            "type": "library",
            "autoload": {
                "psr-0": {
                    "pagination": "src/"
                }
            },
            "notification-url": "https://packagist.org/downloads/",
            "license": [
                "GPL-3.0-only"
            ],
            "authors": [
                {
                    "name": "mvl22"
                }
            ],
            "description": "PHP library pagination within the pureContent library suite",
            "support": {
                "issues": "https://github.com/libpurecontent/pagination/issues",
                "source": "https://github.com/libpurecontent/pagination/tree/v1.1.2"
            },
            "time": "2024-01-26T18:39:17+00:00"
        },
        {
            "name": "libpurecontent/timedate",
            "version": "v1.4.1",
            "source": {
                "type": "git",
                "url": "https://github.com/libpurecontent/timedate.git",
                "reference": "a7da0b3ad68a5b8ce7556b3051cfcb7628b87535"
            },
            "dist": {
                "type": "zip",
                "url": "https://api.github.com/repos/libpurecontent/timedate/zipball/a7da0b3ad68a5b8ce7556b3051cfcb7628b87535",
                "reference": "a7da0b3ad68a5b8ce7556b3051cfcb7628b87535",
                "shasum": ""
            },
            "type": "library",
            "autoload": {
                "psr-0": {
                    "timedate": "src/"
                }
            },
            "notification-url": "https://packagist.org/downloads/",
            "license": [
                "GPL-3.0-only"
            ],
            "authors": [
                {
                    "name": "mvl22"
                }
            ],
            "description": "PHP library timedate within the pureContent library suite",
            "support": {
                "issues": "https://github.com/libpurecontent/timedate/issues",
                "source": "https://github.com/libpurecontent/timedate/tree/v1.4.1"
            },
            "time": "2025-01-21T16:31:43+00:00"
        },
        {
            "name": "libpurecontent/ultimateform",
            "version": "v1.31.4",
            "source": {
                "type": "git",
                "url": "https://github.com/libpurecontent/ultimateform.git",
                "reference": "46b689fd26e012502cdca4c57a101faa77c8b558"
            },
            "dist": {
                "type": "zip",
                "url": "https://api.github.com/repos/libpurecontent/ultimateform/zipball/46b689fd26e012502cdca4c57a101faa77c8b558",
                "reference": "46b689fd26e012502cdca4c57a101faa77c8b558",
                "shasum": ""
            },
            "require": {
                "libpurecontent/application": "^1.9.7",
                "libpurecontent/database": "^4.2",
                "libpurecontent/timedate": "^1.3"
            },
            "type": "library",
            "autoload": {
                "classmap": [
                    "src/ultimateForm.php"
                ]
            },
            "notification-url": "https://packagist.org/downloads/",
            "license": [
                "GPL-3.0-only"
            ],
            "authors": [
                {
                    "name": "mvl22"
                }
            ],
            "description": "PHP library ultimateForm within the pureContent library suite",
            "support": {
                "issues": "https://github.com/libpurecontent/ultimateform/issues",
                "source": "https://github.com/libpurecontent/ultimateform/tree/v1.31.4"
            },
            "time": "2025-12-29T19:54:55+00:00"
        },
        {
            "name": "maennchen/zipstream-php",
            "version": "3.2.1",
            "source": {
                "type": "git",
                "url": "https://github.com/maennchen/ZipStream-PHP.git",
                "reference": "682f1098a8fddbaf43edac2306a691c7ad508ec5"
            },
            "dist": {
                "type": "zip",
                "url": "https://api.github.com/repos/maennchen/ZipStream-PHP/zipball/682f1098a8fddbaf43edac2306a691c7ad508ec5",
                "reference": "682f1098a8fddbaf43edac2306a691c7ad508ec5",
                "shasum": ""
            },
            "require": {
                "ext-mbstring": "*",
                "ext-zlib": "*",
                "php-64bit": "^8.3"
            },
            "require-dev": {
                "brianium/paratest": "^7.7",
                "ext-zip": "*",
                "friendsofphp/php-cs-fixer": "^3.86",
                "guzzlehttp/guzzle": "^7.5",
                "mikey179/vfsstream": "^1.6",
                "php-coveralls/php-coveralls": "^2.5",
                "phpunit/phpunit": "^12.0",
                "vimeo/psalm": "^6.0"
            },
            "suggest": {
                "guzzlehttp/psr7": "^2.4",
                "psr/http-message": "^2.0"
            },
            "type": "library",
            "autoload": {
                "psr-4": {
                    "ZipStream\\": "src/"
                }
            },
            "notification-url": "https://packagist.org/downloads/",
            "license": [
                "MIT"
            ],
            "authors": [
                {
                    "name": "Paul Duncan",
                    "email": "pabs@pablotron.org"
                },
                {
                    "name": "Jonatan Männchen",
                    "email": "jonatan@maennchen.ch"
                },
                {
                    "name": "Jesse Donat",
                    "email": "donatj@gmail.com"
                },
                {
                    "name": "András Kolesár",
                    "email": "kolesar@kolesar.hu"
                }
            ],
            "description": "ZipStream is a library for dynamically streaming dynamic zip files from PHP without writing to the disk at all on the server.",
            "keywords": [
                "stream",
                "zip"
            ],
            "support": {
                "issues": "https://github.com/maennchen/ZipStream-PHP/issues",
                "source": "https://github.com/maennchen/ZipStream-PHP/tree/3.2.1"
            },
            "funding": [
                {
                    "url": "https://github.com/maennchen",
                    "type": "github"
                }
            ],
            "time": "2025-12-10T09:58:31+00:00"
        },
        {
            "name": "markbaker/complex",
            "version": "3.0.2",
            "source": {
                "type": "git",
                "url": "https://github.com/MarkBaker/PHPComplex.git",
                "reference": "95c56caa1cf5c766ad6d65b6344b807c1e8405b9"
            },
            "dist": {
                "type": "zip",
                "url": "https://api.github.com/repos/MarkBaker/PHPComplex/zipball/95c56caa1cf5c766ad6d65b6344b807c1e8405b9",
                "reference": "95c56caa1cf5c766ad6d65b6344b807c1e8405b9",
                "shasum": ""
            },
            "require": {
                "php": "^7.2 || ^8.0"
            },
            "require-dev": {
                "dealerdirect/phpcodesniffer-composer-installer": "dev-master",
                "phpcompatibility/php-compatibility": "^9.3",
                "phpunit/phpunit": "^7.0 || ^8.0 || ^9.0",
                "squizlabs/php_codesniffer": "^3.7"
            },
            "type": "library",
            "autoload": {
                "psr-4": {
                    "Complex\\": "classes/src/"
                }
            },
            "notification-url": "https://packagist.org/downloads/",
            "license": [
                "MIT"
            ],
            "authors": [
                {
                    "name": "Mark Baker",
                    "email": "mark@lange.demon.co.uk"
                }
            ],
            "description": "PHP Class for working with complex numbers",
            "homepage": "https://github.com/MarkBaker/PHPComplex",
            "keywords": [
                "complex",
                "mathematics"
            ],
            "support": {
                "issues": "https://github.com/MarkBaker/PHPComplex/issues",
                "source": "https://github.com/MarkBaker/PHPComplex/tree/3.0.2"
            },
            "time": "2022-12-06T16:21:08+00:00"
        },
        {
            "name": "markbaker/matrix",
            "version": "3.0.1",
            "source": {
                "type": "git",
                "url": "https://github.com/MarkBaker/PHPMatrix.git",
                "reference": "728434227fe21be27ff6d86621a1b13107a2562c"
            },
            "dist": {
                "type": "zip",
                "url": "https://api.github.com/repos/MarkBaker/PHPMatrix/zipball/728434227fe21be27ff6d86621a1b13107a2562c",
                "reference": "728434227fe21be27ff6d86621a1b13107a2562c",
                "shasum": ""
            },
            "require": {
                "php": "^7.1 || ^8.0"
            },
            "require-dev": {
                "dealerdirect/phpcodesniffer-composer-installer": "dev-master",
                "phpcompatibility/php-compatibility": "^9.3",
                "phpdocumentor/phpdocumentor": "2.*",
                "phploc/phploc": "^4.0",
                "phpmd/phpmd": "2.*",
                "phpunit/phpunit": "^7.0 || ^8.0 || ^9.0",
                "sebastian/phpcpd": "^4.0",
                "squizlabs/php_codesniffer": "^3.7"
            },
            "type": "library",
            "autoload": {
                "psr-4": {
                    "Matrix\\": "classes/src/"
                }
            },
            "notification-url": "https://packagist.org/downloads/",
            "license": [
                "MIT"
            ],
            "authors": [
                {
                    "name": "Mark Baker",
                    "email": "mark@demon-angel.eu"
                }
            ],
            "description": "PHP Class for working with matrices",
            "homepage": "https://github.com/MarkBaker/PHPMatrix",
            "keywords": [
                "mathematics",
                "matrix",
                "vector"
            ],
            "support": {
                "issues": "https://github.com/MarkBaker/PHPMatrix/issues",
                "source": "https://github.com/MarkBaker/PHPMatrix/tree/3.0.1"
            },
            "time": "2022-12-02T22:17:43+00:00"
        },
        {
            "name": "pear/console_getopt",
            "version": "v1.4.3",
            "source": {
                "type": "git",
                "url": "https://github.com/pear/Console_Getopt.git",
                "reference": "a41f8d3e668987609178c7c4a9fe48fecac53fa0"
            },
            "dist": {
                "type": "zip",
                "url": "https://api.github.com/repos/pear/Console_Getopt/zipball/a41f8d3e668987609178c7c4a9fe48fecac53fa0",
                "reference": "a41f8d3e668987609178c7c4a9fe48fecac53fa0",
                "shasum": ""
            },
            "type": "library",
            "autoload": {
                "psr-0": {
                    "Console": "./"
                }
            },
            "notification-url": "https://packagist.org/downloads/",
            "include-path": [
                "./"
            ],
            "license": [
                "BSD-2-Clause"
            ],
            "authors": [
                {
                    "name": "Andrei Zmievski",
                    "email": "andrei@php.net",
                    "role": "Lead"
                },
                {
                    "name": "Stig Bakken",
                    "email": "stig@php.net",
                    "role": "Developer"
                },
                {
                    "name": "Greg Beaver",
                    "email": "cellog@php.net",
                    "role": "Helper"
                }
            ],
            "description": "More info available on: http://pear.php.net/package/Console_Getopt",
            "support": {
                "issues": "http://pear.php.net/bugs/search.php?cmd=display&package_name[]=Console_Getopt",
                "source": "https://github.com/pear/Console_Getopt"
            },
            "time": "2019-11-20T18:27:48+00:00"
        },
        {
            "name": "pear/mail",
            "version": "v2.0.0",
            "source": {
                "type": "git",
                "url": "https://github.com/pear/Mail.git",
                "reference": "eb053f8b74f4f3178105fcf001626e63068c0dbc"
            },
            "dist": {
                "type": "zip",
                "url": "https://api.github.com/repos/pear/Mail/zipball/eb053f8b74f4f3178105fcf001626e63068c0dbc",
                "reference": "eb053f8b74f4f3178105fcf001626e63068c0dbc",
                "shasum": ""
            },
            "require": {
                "pear/pear-core-minimal": "~1.9",
                "php": ">=5.2.1"
            },
            "require-dev": {
                "pear/pear": "*"
            },
            "suggest": {
                "pear/net_smtp": "Install optionally via your project's composer.json"
            },
            "type": "library",
            "autoload": {
                "psr-0": {
                    "Mail": "./"
                }
            },
            "notification-url": "https://packagist.org/downloads/",
            "include-path": [
                "./"
            ],
            "license": [
                "BSD-3-Clause"
            ],
            "authors": [
                {
                    "name": "Chuck Hagenbuch",
                    "email": "chuck@horde.org",
                    "role": "Lead"
                },
                {
                    "name": "Armin Graefe",
                    "email": "schengawegga@gmail.com",
                    "role": "Lead"
                },
                {
                    "name": "Richard Heyes",
                    "email": "richard@phpguru.org",
                    "role": "Developer"
                },
                {
                    "name": "Aleksander Machniak",
                    "email": "alec@alec.pl",
                    "role": "Developer"
                }
            ],
            "description": "Class that provides multiple interfaces for sending emails.",
            "homepage": "http://pear.php.net/package/Mail",
            "support": {
                "issues": "http://pear.php.net/bugs/search.php?cmd=display&package_name[]=Mail",
                "source": "https://github.com/pear/Mail"
            },
            "time": "2024-01-15T21:56:23+00:00"
        },
        {
            "name": "pear/pear-core-minimal",
            "version": "v1.10.17",
            "source": {
                "type": "git",
                "url": "https://github.com/pear/pear-core-minimal.git",
                "reference": "c7b55789d01de0ce090d289b73f1bbd6a2f113b1"
            },
            "dist": {
                "type": "zip",
                "url": "https://api.github.com/repos/pear/pear-core-minimal/zipball/c7b55789d01de0ce090d289b73f1bbd6a2f113b1",
                "reference": "c7b55789d01de0ce090d289b73f1bbd6a2f113b1",
                "shasum": ""
            },
            "require": {
                "pear/console_getopt": "~1.4",
                "pear/pear_exception": "~1.0",
                "php": ">=5.4"
            },
            "replace": {
                "rsky/pear-core-min": "self.version"
            },
            "type": "library",
            "autoload": {
                "classmap": [
                    "src/"
                ]
            },
            "notification-url": "https://packagist.org/downloads/",
            "include-path": [
                "src/"
            ],
            "license": [
                "BSD-3-Clause"
            ],
            "authors": [
                {
                    "name": "Christian Weiske",
                    "email": "cweiske@php.net",
                    "role": "Lead"
                }
            ],
            "description": "Minimal set of PEAR core files to be used as composer dependency",
            "support": {
                "issues": "http://pear.php.net/bugs/search.php?cmd=display&package_name[]=PEAR",
                "source": "https://github.com/pear/pear-core-minimal"
            },
            "time": "2025-12-14T20:37:07+00:00"
        },
        {
            "name": "pear/pear_exception",
            "version": "v1.0.2",
            "source": {
                "type": "git",
                "url": "https://github.com/pear/PEAR_Exception.git",
                "reference": "b14fbe2ddb0b9f94f5b24cf08783d599f776fff0"
            },
            "dist": {
                "type": "zip",
                "url": "https://api.github.com/repos/pear/PEAR_Exception/zipball/b14fbe2ddb0b9f94f5b24cf08783d599f776fff0",
                "reference": "b14fbe2ddb0b9f94f5b24cf08783d599f776fff0",
                "shasum": ""
            },
            "require": {
                "php": ">=5.2.0"
            },
            "require-dev": {
                "phpunit/phpunit": "<9"
            },
            "type": "class",
            "extra": {
                "branch-alias": {
                    "dev-master": "1.0.x-dev"
                }
            },
            "autoload": {
                "classmap": [
                    "PEAR/"
                ]
            },
            "notification-url": "https://packagist.org/downloads/",
            "include-path": [
                "."
            ],
            "license": [
                "BSD-2-Clause"
            ],
            "authors": [
                {
                    "name": "Helgi Thormar",
                    "email": "dufuz@php.net"
                },
                {
                    "name": "Greg Beaver",
                    "email": "cellog@php.net"
                }
            ],
            "description": "The PEAR Exception base class.",
            "homepage": "https://github.com/pear/PEAR_Exception",
            "keywords": [
                "exception"
            ],
            "support": {
                "issues": "http://pear.php.net/bugs/search.php?cmd=display&package_name[]=PEAR_Exception",
                "source": "https://github.com/pear/PEAR_Exception"
            },
            "time": "2021-03-21T15:43:46+00:00"
        },
        {
            "name": "phpoffice/phpspreadsheet",
            "version": "4.5.0",
            "source": {
                "type": "git",
                "url": "https://github.com/PHPOffice/PhpSpreadsheet.git",
                "reference": "2ea9786632e6fac1aee601b6e426bcc723d8ce13"
            },
            "dist": {
                "type": "zip",
                "url": "https://api.github.com/repos/PHPOffice/PhpSpreadsheet/zipball/2ea9786632e6fac1aee601b6e426bcc723d8ce13",
                "reference": "2ea9786632e6fac1aee601b6e426bcc723d8ce13",
                "shasum": ""
            },
            "require": {
                "composer/pcre": "^1||^2||^3",
                "ext-ctype": "*",
                "ext-dom": "*",
                "ext-fileinfo": "*",
                "ext-gd": "*",
                "ext-iconv": "*",
                "ext-libxml": "*",
                "ext-mbstring": "*",
                "ext-simplexml": "*",
                "ext-xml": "*",
                "ext-xmlreader": "*",
                "ext-xmlwriter": "*",
                "ext-zip": "*",
                "ext-zlib": "*",
                "maennchen/zipstream-php": "^2.1 || ^3.0",
                "markbaker/complex": "^3.0",
                "markbaker/matrix": "^3.0",
                "php": "^8.1",
                "psr/http-client": "^1.0",
                "psr/http-factory": "^1.0",
                "psr/simple-cache": "^1.0 || ^2.0 || ^3.0"
            },
            "require-dev": {
                "dealerdirect/phpcodesniffer-composer-installer": "dev-main",
                "dompdf/dompdf": "^2.0 || ^3.0",
                "friendsofphp/php-cs-fixer": "^3.2",
                "mitoteam/jpgraph": "^10.3",
                "mpdf/mpdf": "^8.1.1",
                "phpcompatibility/php-compatibility": "^9.3",
                "phpstan/phpstan": "^1.1 || ^2.0",
                "phpstan/phpstan-deprecation-rules": "^1.0 || ^2.0",
                "phpstan/phpstan-phpunit": "^1.0 || ^2.0",
                "phpunit/phpunit": "^10.5",
                "squizlabs/php_codesniffer": "^3.7",
                "tecnickcom/tcpdf": "^6.5"
            },
            "suggest": {
                "dompdf/dompdf": "Option for rendering PDF with PDF Writer",
                "ext-intl": "PHP Internationalization Functions",
                "mitoteam/jpgraph": "Option for rendering charts, or including charts with PDF or HTML Writers",
                "mpdf/mpdf": "Option for rendering PDF with PDF Writer",
                "tecnickcom/tcpdf": "Option for rendering PDF with PDF Writer"
            },
            "type": "library",
            "autoload": {
                "psr-4": {
                    "PhpOffice\\PhpSpreadsheet\\": "src/PhpSpreadsheet"
                }
            },
            "notification-url": "https://packagist.org/downloads/",
            "license": [
                "MIT"
            ],
            "authors": [
                {
                    "name": "Maarten Balliauw",
                    "homepage": "https://blog.maartenballiauw.be"
                },
                {
                    "name": "Mark Baker",
                    "homepage": "https://markbakeruk.net"
                },
                {
                    "name": "Franck Lefevre",
                    "homepage": "https://rootslabs.net"
                },
                {
                    "name": "Erik Tilt"
                },
                {
                    "name": "Adrien Crivelli"
                }
            ],
            "description": "PHPSpreadsheet - Read, Create and Write Spreadsheet documents in PHP - Spreadsheet engine",
            "homepage": "https://github.com/PHPOffice/PhpSpreadsheet",
            "keywords": [
                "OpenXML",
                "excel",
                "gnumeric",
                "ods",
                "php",
                "spreadsheet",
                "xls",
                "xlsx"
            ],
            "support": {
                "issues": "https://github.com/PHPOffice/PhpSpreadsheet/issues",
                "source": "https://github.com/PHPOffice/PhpSpreadsheet/tree/4.5.0"
            },
            "time": "2025-07-24T05:15:59+00:00"
        },
        {
            "name": "psr/http-client",
            "version": "1.0.3",
            "source": {
                "type": "git",
                "url": "https://github.com/php-fig/http-client.git",
                "reference": "bb5906edc1c324c9a05aa0873d40117941e5fa90"
            },
            "dist": {
                "type": "zip",
                "url": "https://api.github.com/repos/php-fig/http-client/zipball/bb5906edc1c324c9a05aa0873d40117941e5fa90",
                "reference": "bb5906edc1c324c9a05aa0873d40117941e5fa90",
                "shasum": ""
            },
            "require": {
                "php": "^7.0 || ^8.0",
                "psr/http-message": "^1.0 || ^2.0"
            },
            "type": "library",
            "extra": {
                "branch-alias": {
                    "dev-master": "1.0.x-dev"
                }
            },
            "autoload": {
                "psr-4": {
                    "Psr\\Http\\Client\\": "src/"
                }
            },
            "notification-url": "https://packagist.org/downloads/",
            "license": [
                "MIT"
            ],
            "authors": [
                {
                    "name": "PHP-FIG",
                    "homepage": "https://www.php-fig.org/"
                }
            ],
            "description": "Common interface for HTTP clients",
            "homepage": "https://github.com/php-fig/http-client",
            "keywords": [
                "http",
                "http-client",
                "psr",
                "psr-18"
            ],
            "support": {
                "source": "https://github.com/php-fig/http-client"
            },
            "time": "2023-09-23T14:17:50+00:00"
        },
        {
            "name": "psr/http-factory",
            "version": "1.1.0",
            "source": {
                "type": "git",
                "url": "https://github.com/php-fig/http-factory.git",
                "reference": "2b4765fddfe3b508ac62f829e852b1501d3f6e8a"
            },
            "dist": {
                "type": "zip",
                "url": "https://api.github.com/repos/php-fig/http-factory/zipball/2b4765fddfe3b508ac62f829e852b1501d3f6e8a",
                "reference": "2b4765fddfe3b508ac62f829e852b1501d3f6e8a",
                "shasum": ""
            },
            "require": {
                "php": ">=7.1",
                "psr/http-message": "^1.0 || ^2.0"
            },
            "type": "library",
            "extra": {
                "branch-alias": {
                    "dev-master": "1.0.x-dev"
                }
            },
            "autoload": {
                "psr-4": {
                    "Psr\\Http\\Message\\": "src/"
                }
            },
            "notification-url": "https://packagist.org/downloads/",
            "license": [
                "MIT"
            ],
            "authors": [
                {
                    "name": "PHP-FIG",
                    "homepage": "https://www.php-fig.org/"
                }
            ],
            "description": "PSR-17: Common interfaces for PSR-7 HTTP message factories",
            "keywords": [
                "factory",
                "http",
                "message",
                "psr",
                "psr-17",
                "psr-7",
                "request",
                "response"
            ],
            "support": {
                "source": "https://github.com/php-fig/http-factory"
            },
            "time": "2024-04-15T12:06:14+00:00"
        },
        {
            "name": "psr/http-message",
            "version": "2.0",
            "source": {
                "type": "git",
                "url": "https://github.com/php-fig/http-message.git",
                "reference": "402d35bcb92c70c026d1a6a9883f06b2ead23d71"
            },
            "dist": {
                "type": "zip",
                "url": "https://api.github.com/repos/php-fig/http-message/zipball/402d35bcb92c70c026d1a6a9883f06b2ead23d71",
                "reference": "402d35bcb92c70c026d1a6a9883f06b2ead23d71",
                "shasum": ""
            },
            "require": {
                "php": "^7.2 || ^8.0"
            },
            "type": "library",
            "extra": {
                "branch-alias": {
                    "dev-master": "2.0.x-dev"
                }
            },
            "autoload": {
                "psr-4": {
                    "Psr\\Http\\Message\\": "src/"
                }
            },
            "notification-url": "https://packagist.org/downloads/",
            "license": [
                "MIT"
            ],
            "authors": [
                {
                    "name": "PHP-FIG",
                    "homepage": "https://www.php-fig.org/"
                }
            ],
            "description": "Common interface for HTTP messages",
            "homepage": "https://github.com/php-fig/http-message",
            "keywords": [
                "http",
                "http-message",
                "psr",
                "psr-7",
                "request",
                "response"
            ],
            "support": {
                "source": "https://github.com/php-fig/http-message/tree/2.0"
            },
            "time": "2023-04-04T09:54:51+00:00"
        },
        {
            "name": "psr/simple-cache",
            "version": "3.0.0",
            "source": {
                "type": "git",
                "url": "https://github.com/php-fig/simple-cache.git",
                "reference": "764e0b3939f5ca87cb904f570ef9be2d78a07865"
            },
            "dist": {
                "type": "zip",
                "url": "https://api.github.com/repos/php-fig/simple-cache/zipball/764e0b3939f5ca87cb904f570ef9be2d78a07865",
                "reference": "764e0b3939f5ca87cb904f570ef9be2d78a07865",
                "shasum": ""
            },
            "require": {
                "php": ">=8.0.0"
            },
            "type": "library",
            "extra": {
                "branch-alias": {
                    "dev-master": "3.0.x-dev"
                }
            },
            "autoload": {
                "psr-4": {
                    "Psr\\SimpleCache\\": "src/"
                }
            },
            "notification-url": "https://packagist.org/downloads/",
            "license": [
                "MIT"
            ],
            "authors": [
                {
                    "name": "PHP-FIG",
                    "homepage": "https://www.php-fig.org/"
                }
            ],
            "description": "Common interfaces for simple caching",
            "keywords": [
                "cache",
                "caching",
                "psr",
                "psr-16",
                "simple-cache"
            ],
            "support": {
                "source": "https://github.com/php-fig/simple-cache/tree/3.0.0"
            },
            "time": "2021-10-29T13:26:27+00:00"
        },
        {
            "name": "smarty/smarty",
            "version": "v5.7.0",
            "source": {
                "type": "git",
                "url": "https://github.com/smarty-php/smarty.git",
                "reference": "73da7e90f302175a570662fcb0ba41f57b7a92ab"
            },
            "dist": {
                "type": "zip",
                "url": "https://api.github.com/repos/smarty-php/smarty/zipball/73da7e90f302175a570662fcb0ba41f57b7a92ab",
                "reference": "73da7e90f302175a570662fcb0ba41f57b7a92ab",
                "shasum": ""
            },
            "require": {
                "php": "^7.2 || ^8.0",
                "symfony/polyfill-mbstring": "^1.27"
            },
            "require-dev": {
                "phpunit/phpunit": "^8.5 || ^7.5",
                "smarty/smarty-lexer": "^4.0.2"
            },
            "type": "library",
            "extra": {
                "branch-alias": {
                    "dev-master": "5.0.x-dev"
                }
            },
            "autoload": {
                "files": [
                    "src/functions.php"
                ],
                "psr-4": {
                    "Smarty\\": "src/"
                }
            },
            "notification-url": "https://packagist.org/downloads/",
            "license": [
                "LGPL-3.0"
            ],
            "authors": [
                {
                    "name": "Monte Ohrt",
                    "email": "monte@ohrt.com"
                },
                {
                    "name": "Uwe Tews",
                    "email": "uwe.tews@googlemail.com"
                },
                {
                    "name": "Rodney Rehm",
                    "email": "rodney.rehm@medialize.de"
                },
                {
                    "name": "Simon Wisselink",
                    "homepage": "https://www.iwink.nl/"
                }
            ],
            "description": "Smarty - the compiling PHP template engine",
            "homepage": "https://smarty-php.github.io/smarty/",
            "keywords": [
                "templating"
            ],
            "support": {
                "forum": "https://github.com/smarty-php/smarty/discussions",
                "issues": "https://github.com/smarty-php/smarty/issues",
                "source": "https://github.com/smarty-php/smarty/tree/v5.7.0"
            },
            "funding": [
                {
                    "url": "https://github.com/wisskid",
                    "type": "github"
                }
            ],
            "time": "2025-11-19T21:36:38+00:00"
        },
        {
            "name": "symfony/polyfill-mbstring",
            "version": "v1.33.0",
            "source": {
                "type": "git",
                "url": "https://github.com/symfony/polyfill-mbstring.git",
                "reference": "6d857f4d76bd4b343eac26d6b539585d2bc56493"
            },
            "dist": {
                "type": "zip",
                "url": "https://api.github.com/repos/symfony/polyfill-mbstring/zipball/6d857f4d76bd4b343eac26d6b539585d2bc56493",
                "reference": "6d857f4d76bd4b343eac26d6b539585d2bc56493",
                "shasum": ""
            },
            "require": {
                "ext-iconv": "*",
                "php": ">=7.2"
            },
            "provide": {
                "ext-mbstring": "*"
            },
            "suggest": {
                "ext-mbstring": "For best performance"
            },
            "type": "library",
            "extra": {
                "thanks": {
                    "url": "https://github.com/symfony/polyfill",
                    "name": "symfony/polyfill"
                }
            },
            "autoload": {
                "files": [
                    "bootstrap.php"
                ],
                "psr-4": {
                    "Symfony\\Polyfill\\Mbstring\\": ""
                }
            },
            "notification-url": "https://packagist.org/downloads/",
            "license": [
                "MIT"
            ],
            "authors": [
                {
                    "name": "Nicolas Grekas",
                    "email": "p@tchwork.com"
                },
                {
                    "name": "Symfony Community",
                    "homepage": "https://symfony.com/contributors"
                }
            ],
            "description": "Symfony polyfill for the Mbstring extension",
            "homepage": "https://symfony.com",
            "keywords": [
                "compatibility",
                "mbstring",
                "polyfill",
                "portable",
                "shim"
            ],
            "support": {
                "source": "https://github.com/symfony/polyfill-mbstring/tree/v1.33.0"
            },
            "funding": [
                {
                    "url": "https://symfony.com/sponsor",
                    "type": "custom"
                },
                {
                    "url": "https://github.com/fabpot",
                    "type": "github"
                },
                {
                    "url": "https://github.com/nicolas-grekas",
                    "type": "github"
                },
                {
                    "url": "https://tidelift.com/funding/github/packagist/symfony/symfony",
                    "type": "tidelift"
                }
            ],
            "time": "2024-12-23T08:48:59+00:00"
        }
    ],
    "packages-dev": [],
    "aliases": [],
    "minimum-stability": "stable",
    "stability-flags": {},
    "prefer-stable": false,
    "prefer-lowest": false,
    "platform": {},
    "platform-dev": {},
    "plugin-api-version": "2.6.0"
}
